
Microsoft Visual Studio Solution File, Format Version 12.00
# Visual Studio Version 17
VisualStudioVersion = 17.11.35327.3
MinimumVisualStudioVersion = 10.0.40219.1
Project("{FAE04EC0-301F-11D3-BF4B-00C04F79EFBC}") = "RecipeApp", "RecipeApp.csproj", "{DA5EA871-339A-4112-9DAA-7F6DAAE4760C}"
EndProject
Global
	GlobalSection(SolutionConfigurationPlatforms) = preSolution
		Debug|Any CPU = Debug|Any CPU
		Release|Any CPU = Release|Any CPU
	EndGlobalSection
	GlobalSection(ProjectConfigurationPlatforms) = postSolution
		{DA5EA871-339A-4112-9DAA-7F6DAAE4760C}.Debug|Any CPU.ActiveCfg = Debug|Any CPU
		{DA5EA871-339A-4112-9DAA-7F6DAAE4760C}.Debug|Any CPU.Build.0 = Debug|Any CPU
		{DA5EA871-339A-4112-9DAA-7F6DAAE4760C}.Release|Any CPU.ActiveCfg = Release|Any CPU
		{DA5EA871-339A-4112-9DAA-7F6DAAE4760C}.Release|Any CPU.Build.0 = Release|Any CPU
	EndGlobalSection
	GlobalSection(SolutionProperties) = preSolution
		HideSolutionNode = FALSE
	EndGlobalSection
	GlobalSection(ExtensibilityGlobals) = postSolution
		SolutionGuid = {1B1EFD54-991C-4755-AD82-9A0AFC642C13}
	EndGlobalSection
EndGlobal
